
Microsoft Visual Studio Solution File, Format Version 12.00
# Visual Studio Version 17
VisualStudioVersion = 17.11.35312.102
MinimumVisualStudioVersion = 10.0.40219.1
Project("{FAE04EC0-301F-11D3-BF4B-00C04F79EFBC}") = "weeklyproc41", "weeklyproc41\weeklyproc41.csproj", "{04775652-B2CC-4707-B629-B728B3E9267F}"
EndProject
Global
	GlobalSection(SolutionConfigurationPlatforms) = preSolution
		Debug|Any CPU = Debug|Any CPU
		Release|Any CPU = Release|Any CPU
	EndGlobalSection
	GlobalSection(ProjectConfigurationPlatforms) = postSolution
		{04775652-B2CC-4707-B629-B728B3E9267F}.Debug|Any CPU.ActiveCfg = Debug|Any CPU
		{04775652-B2CC-4707-B629-B728B3E9267F}.Debug|Any CPU.Build.0 = Debug|Any CPU
		{04775652-B2CC-4707-B629-B728B3E9267F}.Release|Any CPU.ActiveCfg = Release|Any CPU
		{04775652-B2CC-4707-B629-B728B3E9267F}.Release|Any CPU.Build.0 = Release|Any CPU
	EndGlobalSection
	GlobalSection(SolutionProperties) = preSolution
		HideSolutionNode = FALSE
	EndGlobalSection
	GlobalSection(ExtensibilityGlobals) = postSolution
		SolutionGuid = {0162AE65-3E36-4C2F-8312-C57454C08876}
	EndGlobalSection
EndGlobal
